
Microsoft Visual Studio Solution File, Format Version 12.00
# Visual Studio 14
VisualStudioVersion = 14.0.25420.1
MinimumVisualStudioVersion = 10.0.40219.1
Project("{FAE04EC0-301F-11D3-BF4B-00C04F79EFBC}") = "TeamOA", "TeamOA\TeamOA.csproj", "{E4BAA234-E32E-402F-BE0A-59CE81C9BA73}"
EndProject
Project("{2150E333-8FDC-42A3-9474-1A3956D46DE8}") = "BLL", "BLL", "{23AAFEA9-A004-4809-9BAE-01EC5EC1ED02}"
EndProject
Project("{2150E333-8FDC-42A3-9474-1A3956D46DE8}") = "DAL", "DAL", "{48F9B5EE-10A0-4B21-B841-94D4014B32A9}"
EndProject
Project("{2150E333-8FDC-42A3-9474-1A3956D46DE8}") = "Model", "Model", "{18D7798F-099F-4DCD-8D4A-EF02A2893DCD}"
EndProject
Project("{2150E333-8FDC-42A3-9474-1A3956D46DE8}") = "common", "common", "{2FE18E74-E766-4405-B04D-7E0B57D1168F}"
EndProject
Project("{FAE04EC0-301F-11D3-BF4B-00C04F79EFBC}") = "MemberModel", "Model\MemberModel\MemberModel.csproj", "{8FCA5D70-48B3-4180-BFE6-BD6439D755A2}"
EndProject
Project("{FAE04EC0-301F-11D3-BF4B-00C04F79EFBC}") = "MessageModel", "Model\MessageModel\MessageModel.csproj", "{58EE531D-694A-44C8-A092-0AA9CCA57954}"
EndProject
Project("{FAE04EC0-301F-11D3-BF4B-00C04F79EFBC}") = "TaskModel", "Model\TaskModel\TaskModel.csproj", "{A54F261B-7E5D-4C3B-8829-0BA518FB5558}"
EndProject
Global
	GlobalSection(SolutionConfigurationPlatforms) = preSolution
		Debug|Any CPU = Debug|Any CPU
		Release|Any CPU = Release|Any CPU
	EndGlobalSection
	GlobalSection(ProjectConfigurationPlatforms) = postSolution
		{E4BAA234-E32E-402F-BE0A-59CE81C9BA73}.Debug|Any CPU.ActiveCfg = Debug|Any CPU
		{E4BAA234-E32E-402F-BE0A-59CE81C9BA73}.Debug|Any CPU.Build.0 = Debug|Any CPU
		{E4BAA234-E32E-402F-BE0A-59CE81C9BA73}.Release|Any CPU.ActiveCfg = Release|Any CPU
		{E4BAA234-E32E-402F-BE0A-59CE81C9BA73}.Release|Any CPU.Build.0 = Release|Any CPU
		{8FCA5D70-48B3-4180-BFE6-BD6439D755A2}.Debug|Any CPU.ActiveCfg = Debug|Any CPU
		{8FCA5D70-48B3-4180-BFE6-BD6439D755A2}.Debug|Any CPU.Build.0 = Debug|Any CPU
		{8FCA5D70-48B3-4180-BFE6-BD6439D755A2}.Release|Any CPU.ActiveCfg = Release|Any CPU
		{8FCA5D70-48B3-4180-BFE6-BD6439D755A2}.Release|Any CPU.Build.0 = Release|Any CPU
		{58EE531D-694A-44C8-A092-0AA9CCA57954}.Debug|Any CPU.ActiveCfg = Debug|Any CPU
		{58EE531D-694A-44C8-A092-0AA9CCA57954}.Debug|Any CPU.Build.0 = Debug|Any CPU
		{58EE531D-694A-44C8-A092-0AA9CCA57954}.Release|Any CPU.ActiveCfg = Release|Any CPU
		{58EE531D-694A-44C8-A092-0AA9CCA57954}.Release|Any CPU.Build.0 = Release|Any CPU
		{A54F261B-7E5D-4C3B-8829-0BA518FB5558}.Debug|Any CPU.ActiveCfg = Debug|Any CPU
		{A54F261B-7E5D-4C3B-8829-0BA518FB5558}.Debug|Any CPU.Build.0 = Debug|Any CPU
		{A54F261B-7E5D-4C3B-8829-0BA518FB5558}.Release|Any CPU.ActiveCfg = Release|Any CPU
		{A54F261B-7E5D-4C3B-8829-0BA518FB5558}.Release|Any CPU.Build.0 = Release|Any CPU
	EndGlobalSection
	GlobalSection(SolutionProperties) = preSolution
		HideSolutionNode = FALSE
	EndGlobalSection
	GlobalSection(NestedProjects) = preSolution
		{8FCA5D70-48B3-4180-BFE6-BD6439D755A2} = {18D7798F-099F-4DCD-8D4A-EF02A2893DCD}
		{58EE531D-694A-44C8-A092-0AA9CCA57954} = {18D7798F-099F-4DCD-8D4A-EF02A2893DCD}
		{A54F261B-7E5D-4C3B-8829-0BA518FB5558} = {18D7798F-099F-4DCD-8D4A-EF02A2893DCD}
	EndGlobalSection
EndGlobal
