
Microsoft Visual Studio Solution File, Format Version 12.00
# Visual Studio 14
VisualStudioVersion = 14.0.25420.1
MinimumVisualStudioVersion = 10.0.40219.1
Project("{FAE04EC0-301F-11D3-BF4B-00C04F79EFBC}") = "TeamOA", "TeamOA\TeamOA.csproj", "{E4BAA234-E32E-402F-BE0A-59CE81C9BA73}"
EndProject
Project("{2150E333-8FDC-42A3-9474-1A3956D46DE8}") = "BLL", "BLL", "{23AAFEA9-A004-4809-9BAE-01EC5EC1ED02}"
EndProject
Project("{2150E333-8FDC-42A3-9474-1A3956D46DE8}") = "DAL", "DAL", "{48F9B5EE-10A0-4B21-B841-94D4014B32A9}"
EndProject
Project("{2150E333-8FDC-42A3-9474-1A3956D46DE8}") = "Model", "Model", "{18D7798F-099F-4DCD-8D4A-EF02A2893DCD}"
EndProject
Project("{FAE04EC0-301F-11D3-BF4B-00C04F79EFBC}") = "MemberModel", "Model\MemberModel\MemberModel.csproj", "{8FCA5D70-48B3-4180-BFE6-BD6439D755A2}"
EndProject
Project("{FAE04EC0-301F-11D3-BF4B-00C04F79EFBC}") = "MessageModel", "Model\MessageModel\MessageModel.csproj", "{58EE531D-694A-44C8-A092-0AA9CCA57954}"
EndProject
Project("{FAE04EC0-301F-11D3-BF4B-00C04F79EFBC}") = "TaskModel", "Model\TaskModel\TaskModel.csproj", "{A54F261B-7E5D-4C3B-8829-0BA518FB5558}"
EndProject
Project("{2150E333-8FDC-42A3-9474-1A3956D46DE8}") = "Common", "Common", "{74DB1F19-AC85-4639-B07E-E99CE4F8C8C8}"
EndProject
Project("{FAE04EC0-301F-11D3-BF4B-00C04F79EFBC}") = "TaskDAL", "DAL\TaskDAL\TaskDAL.csproj", "{501E7812-F5F3-4EE2-B4FA-22172A17AF48}"
EndProject
Project("{FAE04EC0-301F-11D3-BF4B-00C04F79EFBC}") = "MessageDAL", "DAL\MessageDAL\MessageDAL.csproj", "{70BFF22A-1D32-444B-9032-114B47A5520A}"
EndProject
Project("{FAE04EC0-301F-11D3-BF4B-00C04F79EFBC}") = "MemberDAL", "DAL\MemberDAL\MemberDAL.csproj", "{F95A2491-F181-408E-A123-C5D52328083D}"
EndProject
Project("{FAE04EC0-301F-11D3-BF4B-00C04F79EFBC}") = "MemberBLL", "BLL\MemberBLL\MemberBLL.csproj", "{EB7D17DE-02B5-4DD5-8409-B395941AEC9E}"
EndProject
Project("{FAE04EC0-301F-11D3-BF4B-00C04F79EFBC}") = "MessageBLL", "BLL\MessageBLL\MessageBLL.csproj", "{67AB64AD-9BE2-4BD1-995D-72DDA04A8E5C}"
EndProject
Project("{FAE04EC0-301F-11D3-BF4B-00C04F79EFBC}") = "TaskBLL", "BLL\TaskBLL\TaskBLL.csproj", "{CF58F408-F88B-4961-91AB-32D2A3D737B5}"
EndProject
Project("{FAE04EC0-301F-11D3-BF4B-00C04F79EFBC}") = "PageModel", "Common\PageModel\PageModel.csproj", "{695E0962-C4B9-456B-B28F-0B2849A464BC}"
EndProject
Global
	GlobalSection(SolutionConfigurationPlatforms) = preSolution
		Debug|Any CPU = Debug|Any CPU
		Release|Any CPU = Release|Any CPU
	EndGlobalSection
	GlobalSection(ProjectConfigurationPlatforms) = postSolution
		{E4BAA234-E32E-402F-BE0A-59CE81C9BA73}.Debug|Any CPU.ActiveCfg = Debug|Any CPU
		{E4BAA234-E32E-402F-BE0A-59CE81C9BA73}.Debug|Any CPU.Build.0 = Debug|Any CPU
		{E4BAA234-E32E-402F-BE0A-59CE81C9BA73}.Release|Any CPU.ActiveCfg = Release|Any CPU
		{E4BAA234-E32E-402F-BE0A-59CE81C9BA73}.Release|Any CPU.Build.0 = Release|Any CPU
		{8FCA5D70-48B3-4180-BFE6-BD6439D755A2}.Debug|Any CPU.ActiveCfg = Debug|Any CPU
		{8FCA5D70-48B3-4180-BFE6-BD6439D755A2}.Debug|Any CPU.Build.0 = Debug|Any CPU
		{8FCA5D70-48B3-4180-BFE6-BD6439D755A2}.Release|Any CPU.ActiveCfg = Release|Any CPU
		{8FCA5D70-48B3-4180-BFE6-BD6439D755A2}.Release|Any CPU.Build.0 = Release|Any CPU
		{58EE531D-694A-44C8-A092-0AA9CCA57954}.Debug|Any CPU.ActiveCfg = Debug|Any CPU
		{58EE531D-694A-44C8-A092-0AA9CCA57954}.Debug|Any CPU.Build.0 = Debug|Any CPU
		{58EE531D-694A-44C8-A092-0AA9CCA57954}.Release|Any CPU.ActiveCfg = Release|Any CPU
		{58EE531D-694A-44C8-A092-0AA9CCA57954}.Release|Any CPU.Build.0 = Release|Any CPU
		{A54F261B-7E5D-4C3B-8829-0BA518FB5558}.Debug|Any CPU.ActiveCfg = Debug|Any CPU
		{A54F261B-7E5D-4C3B-8829-0BA518FB5558}.Debug|Any CPU.Build.0 = Debug|Any CPU
		{A54F261B-7E5D-4C3B-8829-0BA518FB5558}.Release|Any CPU.ActiveCfg = Release|Any CPU
		{A54F261B-7E5D-4C3B-8829-0BA518FB5558}.Release|Any CPU.Build.0 = Release|Any CPU
		{501E7812-F5F3-4EE2-B4FA-22172A17AF48}.Debug|Any CPU.ActiveCfg = Debug|Any CPU
		{501E7812-F5F3-4EE2-B4FA-22172A17AF48}.Debug|Any CPU.Build.0 = Debug|Any CPU
		{501E7812-F5F3-4EE2-B4FA-22172A17AF48}.Release|Any CPU.ActiveCfg = Release|Any CPU
		{501E7812-F5F3-4EE2-B4FA-22172A17AF48}.Release|Any CPU.Build.0 = Release|Any CPU
		{70BFF22A-1D32-444B-9032-114B47A5520A}.Debug|Any CPU.ActiveCfg = Debug|Any CPU
		{70BFF22A-1D32-444B-9032-114B47A5520A}.Debug|Any CPU.Build.0 = Debug|Any CPU
		{70BFF22A-1D32-444B-9032-114B47A5520A}.Release|Any CPU.ActiveCfg = Release|Any CPU
		{70BFF22A-1D32-444B-9032-114B47A5520A}.Release|Any CPU.Build.0 = Release|Any CPU
		{F95A2491-F181-408E-A123-C5D52328083D}.Debug|Any CPU.ActiveCfg = Debug|Any CPU
		{F95A2491-F181-408E-A123-C5D52328083D}.Debug|Any CPU.Build.0 = Debug|Any CPU
		{F95A2491-F181-408E-A123-C5D52328083D}.Release|Any CPU.ActiveCfg = Release|Any CPU
		{F95A2491-F181-408E-A123-C5D52328083D}.Release|Any CPU.Build.0 = Release|Any CPU
		{EB7D17DE-02B5-4DD5-8409-B395941AEC9E}.Debug|Any CPU.ActiveCfg = Debug|Any CPU
		{EB7D17DE-02B5-4DD5-8409-B395941AEC9E}.Debug|Any CPU.Build.0 = Debug|Any CPU
		{EB7D17DE-02B5-4DD5-8409-B395941AEC9E}.Release|Any CPU.ActiveCfg = Release|Any CPU
		{EB7D17DE-02B5-4DD5-8409-B395941AEC9E}.Release|Any CPU.Build.0 = Release|Any CPU
		{67AB64AD-9BE2-4BD1-995D-72DDA04A8E5C}.Debug|Any CPU.ActiveCfg = Debug|Any CPU
		{67AB64AD-9BE2-4BD1-995D-72DDA04A8E5C}.Debug|Any CPU.Build.0 = Debug|Any CPU
		{67AB64AD-9BE2-4BD1-995D-72DDA04A8E5C}.Release|Any CPU.ActiveCfg = Release|Any CPU
		{67AB64AD-9BE2-4BD1-995D-72DDA04A8E5C}.Release|Any CPU.Build.0 = Release|Any CPU
		{CF58F408-F88B-4961-91AB-32D2A3D737B5}.Debug|Any CPU.ActiveCfg = Debug|Any CPU
		{CF58F408-F88B-4961-91AB-32D2A3D737B5}.Debug|Any CPU.Build.0 = Debug|Any CPU
		{CF58F408-F88B-4961-91AB-32D2A3D737B5}.Release|Any CPU.ActiveCfg = Release|Any CPU
		{CF58F408-F88B-4961-91AB-32D2A3D737B5}.Release|Any CPU.Build.0 = Release|Any CPU
		{695E0962-C4B9-456B-B28F-0B2849A464BC}.Debug|Any CPU.ActiveCfg = Debug|Any CPU
		{695E0962-C4B9-456B-B28F-0B2849A464BC}.Debug|Any CPU.Build.0 = Debug|Any CPU
		{695E0962-C4B9-456B-B28F-0B2849A464BC}.Release|Any CPU.ActiveCfg = Release|Any CPU
		{695E0962-C4B9-456B-B28F-0B2849A464BC}.Release|Any CPU.Build.0 = Release|Any CPU
	EndGlobalSection
	GlobalSection(SolutionProperties) = preSolution
		HideSolutionNode = FALSE
	EndGlobalSection
	GlobalSection(NestedProjects) = preSolution
		{8FCA5D70-48B3-4180-BFE6-BD6439D755A2} = {18D7798F-099F-4DCD-8D4A-EF02A2893DCD}
		{58EE531D-694A-44C8-A092-0AA9CCA57954} = {18D7798F-099F-4DCD-8D4A-EF02A2893DCD}
		{A54F261B-7E5D-4C3B-8829-0BA518FB5558} = {18D7798F-099F-4DCD-8D4A-EF02A2893DCD}
		{501E7812-F5F3-4EE2-B4FA-22172A17AF48} = {48F9B5EE-10A0-4B21-B841-94D4014B32A9}
		{70BFF22A-1D32-444B-9032-114B47A5520A} = {48F9B5EE-10A0-4B21-B841-94D4014B32A9}
		{F95A2491-F181-408E-A123-C5D52328083D} = {48F9B5EE-10A0-4B21-B841-94D4014B32A9}
		{EB7D17DE-02B5-4DD5-8409-B395941AEC9E} = {23AAFEA9-A004-4809-9BAE-01EC5EC1ED02}
		{67AB64AD-9BE2-4BD1-995D-72DDA04A8E5C} = {23AAFEA9-A004-4809-9BAE-01EC5EC1ED02}
		{CF58F408-F88B-4961-91AB-32D2A3D737B5} = {23AAFEA9-A004-4809-9BAE-01EC5EC1ED02}
		{695E0962-C4B9-456B-B28F-0B2849A464BC} = {74DB1F19-AC85-4639-B07E-E99CE4F8C8C8}
	EndGlobalSection
EndGlobal
